
Microsoft Visual Studio Solution File, Format Version 12.00
# Visual Studio Version 17
VisualStudioVersion = 17.10.34916.146
MinimumVisualStudioVersion = 10.0.40219.1
Project("{FAE04EC0-301F-11D3-BF4B-00C04F79EFBC}") = "aulalinq", "aulalinq\aulalinq.csproj", "{384953C3-5FFF-4E52-A14A-10441CCBC6C8}"
EndProject
Project("{FAE04EC0-301F-11D3-BF4B-00C04F79EFBC}") = "aula02", "aula02\aula02.csproj", "{8F54A055-9525-45FC-BF25-69826A611F7B}"
EndProject
Global
	GlobalSection(SolutionConfigurationPlatforms) = preSolution
		Debug|Any CPU = Debug|Any CPU
		Release|Any CPU = Release|Any CPU
	EndGlobalSection
	GlobalSection(ProjectConfigurationPlatforms) = postSolution
		{384953C3-5FFF-4E52-A14A-10441CCBC6C8}.Debug|Any CPU.ActiveCfg = Debug|Any CPU
		{384953C3-5FFF-4E52-A14A-10441CCBC6C8}.Debug|Any CPU.Build.0 = Debug|Any CPU
		{384953C3-5FFF-4E52-A14A-10441CCBC6C8}.Release|Any CPU.ActiveCfg = Release|Any CPU
		{384953C3-5FFF-4E52-A14A-10441CCBC6C8}.Release|Any CPU.Build.0 = Release|Any CPU
		{8F54A055-9525-45FC-BF25-69826A611F7B}.Debug|Any CPU.ActiveCfg = Debug|Any CPU
		{8F54A055-9525-45FC-BF25-69826A611F7B}.Debug|Any CPU.Build.0 = Debug|Any CPU
		{8F54A055-9525-45FC-BF25-69826A611F7B}.Release|Any CPU.ActiveCfg = Release|Any CPU
		{8F54A055-9525-45FC-BF25-69826A611F7B}.Release|Any CPU.Build.0 = Release|Any CPU
	EndGlobalSection
	GlobalSection(SolutionProperties) = preSolution
		HideSolutionNode = FALSE
	EndGlobalSection
	GlobalSection(ExtensibilityGlobals) = postSolution
		SolutionGuid = {7ED3DC03-7181-4C22-85FD-1CC241A109B3}
	EndGlobalSection
EndGlobal
